
Microsoft Visual Studio Solution File, Format Version 12.00
# Visual Studio 14
VisualStudioVersion = 14.0.24720.0
MinimumVisualStudioVersion = 10.0.40219.1
Project("{FAE04EC0-301F-11D3-BF4B-00C04F79EFBC}") = "ex_5_4_switch_or_if_else", "ex_5_4_switch_or_if_else\ex_5_4_switch_or_if_else.csproj", "{8220AF63-DE74-4597-BDAA-B30D6BE15051}"
EndProject
Global
	GlobalSection(SolutionConfigurationPlatforms) = preSolution
		Debug|Any CPU = Debug|Any CPU
		Release|Any CPU = Release|Any CPU
	EndGlobalSection
	GlobalSection(ProjectConfigurationPlatforms) = postSolution
		{8220AF63-DE74-4597-BDAA-B30D6BE15051}.Debug|Any CPU.ActiveCfg = Debug|Any CPU
		{8220AF63-DE74-4597-BDAA-B30D6BE15051}.Debug|Any CPU.Build.0 = Debug|Any CPU
		{8220AF63-DE74-4597-BDAA-B30D6BE15051}.Release|Any CPU.ActiveCfg = Release|Any CPU
		{8220AF63-DE74-4597-BDAA-B30D6BE15051}.Release|Any CPU.Build.0 = Release|Any CPU
	EndGlobalSection
	GlobalSection(SolutionProperties) = preSolution
		HideSolutionNode = FALSE
	EndGlobalSection
EndGlobal
